// !$*UTF8*$!
{
	archiveVersion = 1;
	classes = {
	};
	objectVersion = 77;
	objects = {

/* Begin PBXBuildFile section */
		09289E82B67AC5B5D06415CA /* Meter2App.swift in Sources */ = {isa = PBXBuildFile; fileRef = 1E059735747B5D992AFCC525 /* Meter2App.swift */; };
		1088DA03F8C1C0C8D512F84A /* AppUpdateTests.swift in Sources */ = {isa = PBXBuildFile; fileRef = 30F06F77391F41380961D4D5 /* AppUpdateTests.swift */; };
		11B0B07CA778C3B11EFC4C24 /* Formatting.swift in Sources */ = {isa = PBXBuildFile; fileRef = 7CE923D6A59376F4EF326A31 /* Formatting.swift */; };
		13AF700C365CAE19B2092F98 /* MeterDetailView.swift in Sources */ = {isa = PBXBuildFile; fileRef = 11C2ED64E968A93434C04B7F /* MeterDetailView.swift */; };
		154ED4BDE035EB76B85D3188 /* PDFReportTests.swift in Sources */ = {isa = PBXBuildFile; fileRef = 3306905D7B6A40365ADAC68F /* PDFReportTests.swift */; };
		1F276D61D0F6948289D1D65F /* ReadingInputParserTests.swift in Sources */ = {isa = PBXBuildFile; fileRef = 4F70B1100FD53489F4ECD437 /* ReadingInputParserTests.swift */; };
		2F620132C88AD10E54D9763F /* Localizable.xcstrings in Resources */ = {isa = PBXBuildFile; fileRef = F3FB2A4FE5E8C847B0CC41B9 /* Localizable.xcstrings */; };
		324CEA7AC00EDBF8BB506CEC /* MeterLibrarySync.swift in Sources */ = {isa = PBXBuildFile; fileRef = 453D43D334ABFCA3E9139962 /* MeterLibrarySync.swift */; };
		383183EAB907F2FD1ECFC2E1 /* CompanionRootView.swift in Sources */ = {isa = PBXBuildFile; fileRef = 249D117E0D11D5BF601D7E9E /* CompanionRootView.swift */; };
		38E10768BD82CBE6C42DDB04 /* Formatting.swift in Sources */ = {isa = PBXBuildFile; fileRef = 7CE923D6A59376F4EF326A31 /* Formatting.swift */; };
		3B1C238CEE4CE377E80EBE68 /* CSVImport.swift in Sources */ = {isa = PBXBuildFile; fileRef = 227E2714F844FFFA77D0B370 /* CSVImport.swift */; };
		3DB38CF23EFE8AB738086C53 /* Localizable.xcstrings in Resources */ = {isa = PBXBuildFile; fileRef = F3FB2A4FE5E8C847B0CC41B9 /* Localizable.xcstrings */; };
		41A5A1C5CCC231422209B365 /* PersistenceAndLocalizationTests.swift in Sources */ = {isa = PBXBuildFile; fileRef = 5E72F3A582F0ADB57951E7AA /* PersistenceAndLocalizationTests.swift */; };
		537B3AEBDDBF9C245BA46E14 /* CSVImportView.swift in Sources */ = {isa = PBXBuildFile; fileRef = E09D0C610E333F7C2155BB31 /* CSVImportView.swift */; };
		5CE608DF84E45FB0A17BD340 /* ReadingFormView.swift in Sources */ = {isa = PBXBuildFile; fileRef = 1B6AC6F77BF9C81E7A5C8B28 /* ReadingFormView.swift */; };
		62359DAD5469AFB65749A45E /* DashboardView.swift in Sources */ = {isa = PBXBuildFile; fileRef = F4C5B9BD7A3F69CBE2B490F1 /* DashboardView.swift */; };
		6AC095BD7782515F6FB8AC1D /* ContentView.swift in Sources */ = {isa = PBXBuildFile; fileRef = CAB2E0F966E600175E0A8ED2 /* ContentView.swift */; };
		6C35799B5FD74C12A7C67857 /* MeterLibrarySyncTests.swift in Sources */ = {isa = PBXBuildFile; fileRef = CA2B614E9CCF9EFDCA13316B /* MeterLibrarySyncTests.swift */; };
		78B5149B3E44B6CC2B253862 /* AppConfiguration.swift in Sources */ = {isa = PBXBuildFile; fileRef = 5AB9BF8E998759BC0E1356E2 /* AppConfiguration.swift */; };
		78F4D9810A6E4C488F8E375A /* MeterKindStyle.swift in Sources */ = {isa = PBXBuildFile; fileRef = 29B03A5D40D441CF97C8377A /* MeterKindStyle.swift */; };
		794BA61C4CB7E9F7A6120003 /* PDFReport.swift in Sources */ = {isa = PBXBuildFile; fileRef = 3440B4CDE1E53DCEDACF693F /* PDFReport.swift */; };
		79A95BC0A250BF870674617D /* MeterDomain.swift in Sources */ = {isa = PBXBuildFile; fileRef = 836A8059573BFC5319F90E67 /* MeterDomain.swift */; };
		95DB32EFF9D85A3016F5600B /* CompanionReadingFormView.swift in Sources */ = {isa = PBXBuildFile; fileRef = F2FFB343AC3D7121E95F17AA /* CompanionReadingFormView.swift */; };
		B61C70E3CB7DDF4B0D35FAB0 /* AppUpdate.swift in Sources */ = {isa = PBXBuildFile; fileRef = 6B8FBB3315116D50CA670047 /* AppUpdate.swift */; };
		B6478B7454E3DD33DE913E2E /* ReadingValidationTests.swift in Sources */ = {isa = PBXBuildFile; fileRef = 01A2847307CD5AAE12AF3B77 /* ReadingValidationTests.swift */; };
		BED52EDF37E839EDBC3267D2 /* Meter2AppTests.swift in Sources */ = {isa = PBXBuildFile; fileRef = 59AFEB605CCF6AA1F9E1469A /* Meter2AppTests.swift */; };
		C108613B775F3C6F08E3A787 /* Assets.xcassets in Resources */ = {isa = PBXBuildFile; fileRef = 1CE17A2E4974202ECD2B30E4 /* Assets.xcassets */; };
		C2C02BAC3365ED2C5AA333F6 /* CSVTests.swift in Sources */ = {isa = PBXBuildFile; fileRef = 77D5A3CDEB0804D82B6BDF02 /* CSVTests.swift */; };
		C5D649D97316604FD266E07E /* MeterLibrarySync.swift in Sources */ = {isa = PBXBuildFile; fileRef = 453D43D334ABFCA3E9139962 /* MeterLibrarySync.swift */; };
		CA67BC65CBB5A5CB156507A4 /* Meter2CompanionApp.swift in Sources */ = {isa = PBXBuildFile; fileRef = E302DADA8EC2CFF135D1389E /* Meter2CompanionApp.swift */; };
		CB689656EF793F8F67EC2B8C /* AppConfiguration.swift in Sources */ = {isa = PBXBuildFile; fileRef = 5AB9BF8E998759BC0E1356E2 /* AppConfiguration.swift */; };
		CEA3E7530FF7A8511652C5BD /* Meter2CompanionUITests.swift in Sources */ = {isa = PBXBuildFile; fileRef = 3795AAC1590C26F41F28A80D /* Meter2CompanionUITests.swift */; };
		D6F2448CC895BC8AC83D049E /* MeterAnalyticsTests.swift in Sources */ = {isa = PBXBuildFile; fileRef = 66830AF5466FDA28236A770D /* MeterAnalyticsTests.swift */; };
		D918A602CB14E24D59AD3992 /* ReadingSearchTests.swift in Sources */ = {isa = PBXBuildFile; fileRef = 05E04BCA2ACCA8D38A023AC5 /* ReadingSearchTests.swift */; };
		E4D2A8E7D259F158BECF2602 /* MeterDomain.swift in Sources */ = {isa = PBXBuildFile; fileRef = 836A8059573BFC5319F90E67 /* MeterDomain.swift */; };
		E7E26C65ADDAC9DF04B68A79 /* InfoPlist.strings in Resources */ = {isa = PBXBuildFile; fileRef = 17C65165257F626C79291C1E /* InfoPlist.strings */; };
		E7E42BFF90A7F1E45B0CA5B5 /* MeterFormView.swift in Sources */ = {isa = PBXBuildFile; fileRef = 866815844CE285D2B76689ED /* MeterFormView.swift */; };
		EEC4972CAEE8C858F7F92D4C /* TestSupport.swift in Sources */ = {isa = PBXBuildFile; fileRef = 031D6266CD859979004AB3AB /* TestSupport.swift */; };
		F8075175FA34580974F7BA09 /* Assets.xcassets in Resources */ = {isa = PBXBuildFile; fileRef = 1CE17A2E4974202ECD2B30E4 /* Assets.xcassets */; };
		FDB2FF846E1AF8086DAE259B /* InfoPlist.strings in Resources */ = {isa = PBXBuildFile; fileRef = 17C65165257F626C79291C1E /* InfoPlist.strings */; };
/* End PBXBuildFile section */

/* Begin PBXContainerItemProxy section */
		1E3E95BC86385FACB6123C47 /* PBXContainerItemProxy */ = {
			isa = PBXContainerItemProxy;
			containerPortal = 37C3ADE81F9C32A5E33AAC83 /* Project object */;
			proxyType = 1;
			remoteGlobalIDString = 8742D89A343685A18974D3C3;
			remoteInfo = Meter2;
		};
		A5FD8C2ED9F81808474B530D /* PBXContainerItemProxy */ = {
			isa = PBXContainerItemProxy;
			containerPortal = 37C3ADE81F9C32A5E33AAC83 /* Project object */;
			proxyType = 1;
			remoteGlobalIDString = 2BB33BF0F16B1BF560290321;
			remoteInfo = Meter2Companion;
		};
/* End PBXContainerItemProxy section */

/* Begin PBXFileReference section */
		01A2847307CD5AAE12AF3B77 /* ReadingValidationTests.swift */ = {isa = PBXFileReference; lastKnownFileType = sourcecode.swift; path = ReadingValidationTests.swift; sourceTree = "<group>"; };
		031D6266CD859979004AB3AB /* TestSupport.swift */ = {isa = PBXFileReference; lastKnownFileType = sourcecode.swift; path = TestSupport.swift; sourceTree = "<group>"; };
		05E04BCA2ACCA8D38A023AC5 /* ReadingSearchTests.swift */ = {isa = PBXFileReference; lastKnownFileType = sourcecode.swift; path = ReadingSearchTests.swift; sourceTree = "<group>"; };
		11C2ED64E968A93434C04B7F /* MeterDetailView.swift */ = {isa = PBXFileReference; lastKnownFileType = sourcecode.swift; path = MeterDetailView.swift; sourceTree = "<group>"; };
		1B6AC6F77BF9C81E7A5C8B28 /* ReadingFormView.swift */ = {isa = PBXFileReference; lastKnownFileType = sourcecode.swift; path = ReadingFormView.swift; sourceTree = "<group>"; };
		1CE17A2E4974202ECD2B30E4 /* Assets.xcassets */ = {isa = PBXFileReference; lastKnownFileType = folder.assetcatalog; path = Assets.xcassets; sourceTree = "<group>"; };
		1E059735747B5D992AFCC525 /* Meter2App.swift */ = {isa = PBXFileReference; lastKnownFileType = sourcecode.swift; path = Meter2App.swift; sourceTree = "<group>"; };
		227E2714F844FFFA77D0B370 /* CSVImport.swift */ = {isa = PBXFileReference; lastKnownFileType = sourcecode.swift; path = CSVImport.swift; sourceTree = "<group>"; };
		249D117E0D11D5BF601D7E9E /* CompanionRootView.swift */ = {isa = PBXFileReference; lastKnownFileType = sourcecode.swift; path = CompanionRootView.swift; sourceTree = "<group>"; };
		2506AA075052A2C82605D4F8 /* Meter2.app */ = {isa = PBXFileReference; explicitFileType = wrapper.application; includeInIndex = 0; path = Meter2.app; sourceTree = BUILT_PRODUCTS_DIR; };
		29B03A5D40D441CF97C8377A /* MeterKindStyle.swift */ = {isa = PBXFileReference; lastKnownFileType = sourcecode.swift; path = MeterKindStyle.swift; sourceTree = "<group>"; };
		2F687A0FA681469786D52107 /* Meter2CompanionUITests.xctest */ = {isa = PBXFileReference; includeInIndex = 0; lastKnownFileType = wrapper.cfbundle; path = Meter2CompanionUITests.xctest; sourceTree = BUILT_PRODUCTS_DIR; };
		30F06F77391F41380961D4D5 /* AppUpdateTests.swift */ = {isa = PBXFileReference; lastKnownFileType = sourcecode.swift; path = AppUpdateTests.swift; sourceTree = "<group>"; };
		3306905D7B6A40365ADAC68F /* PDFReportTests.swift */ = {isa = PBXFileReference; lastKnownFileType = sourcecode.swift; path = PDFReportTests.swift; sourceTree = "<group>"; };
		3440B4CDE1E53DCEDACF693F /* PDFReport.swift */ = {isa = PBXFileReference; lastKnownFileType = sourcecode.swift; path = PDFReport.swift; sourceTree = "<group>"; };
		3795AAC1590C26F41F28A80D /* Meter2CompanionUITests.swift */ = {isa = PBXFileReference; lastKnownFileType = sourcecode.swift; path = Meter2CompanionUITests.swift; sourceTree = "<group>"; };
		3E004868CBACC1B5416F46C6 /* Meter2Companion.entitlements */ = {isa = PBXFileReference; lastKnownFileType = text.plist.entitlements; path = Meter2Companion.entitlements; sourceTree = "<group>"; };
		453D43D334ABFCA3E9139962 /* MeterLibrarySync.swift */ = {isa = PBXFileReference; lastKnownFileType = sourcecode.swift; path = MeterLibrarySync.swift; sourceTree = "<group>"; };
		45FB886E3F4ACC5CD308E51C /* en */ = {isa = PBXFileReference; lastKnownFileType = text.plist.strings; name = en; path = en.lproj/InfoPlist.strings; sourceTree = "<group>"; };
		4F70B1100FD53489F4ECD437 /* ReadingInputParserTests.swift */ = {isa = PBXFileReference; lastKnownFileType = sourcecode.swift; path = ReadingInputParserTests.swift; sourceTree = "<group>"; };
		59AFEB605CCF6AA1F9E1469A /* Meter2AppTests.swift */ = {isa = PBXFileReference; lastKnownFileType = sourcecode.swift; path = Meter2AppTests.swift; sourceTree = "<group>"; };
		5AB9BF8E998759BC0E1356E2 /* AppConfiguration.swift */ = {isa = PBXFileReference; lastKnownFileType = sourcecode.swift; path = AppConfiguration.swift; sourceTree = "<group>"; };
		5E72F3A582F0ADB57951E7AA /* PersistenceAndLocalizationTests.swift */ = {isa = PBXFileReference; lastKnownFileType = sourcecode.swift; path = PersistenceAndLocalizationTests.swift; sourceTree = "<group>"; };
		66830AF5466FDA28236A770D /* MeterAnalyticsTests.swift */ = {isa = PBXFileReference; lastKnownFileType = sourcecode.swift; path = MeterAnalyticsTests.swift; sourceTree = "<group>"; };
		6B8FBB3315116D50CA670047 /* AppUpdate.swift */ = {isa = PBXFileReference; lastKnownFileType = sourcecode.swift; path = AppUpdate.swift; sourceTree = "<group>"; };
		77D5A3CDEB0804D82B6BDF02 /* CSVTests.swift */ = {isa = PBXFileReference; lastKnownFileType = sourcecode.swift; path = CSVTests.swift; sourceTree = "<group>"; };
		7CE923D6A59376F4EF326A31 /* Formatting.swift */ = {isa = PBXFileReference; lastKnownFileType = sourcecode.swift; path = Formatting.swift; sourceTree = "<group>"; };
		836A8059573BFC5319F90E67 /* MeterDomain.swift */ = {isa = PBXFileReference; lastKnownFileType = sourcecode.swift; path = MeterDomain.swift; sourceTree = "<group>"; };
		866815844CE285D2B76689ED /* MeterFormView.swift */ = {isa = PBXFileReference; lastKnownFileType = sourcecode.swift; path = MeterFormView.swift; sourceTree = "<group>"; };
		A5B67136D4A882A09CF10FA7 /* Meter2Companion.app */ = {isa = PBXFileReference; includeInIndex = 0; lastKnownFileType = wrapper.application; path = Meter2Companion.app; sourceTree = BUILT_PRODUCTS_DIR; };
		C1B9B3B0C165D7DAB9D18A63 /* Meter2Tests.xctest */ = {isa = PBXFileReference; explicitFileType = wrapper.cfbundle; includeInIndex = 0; path = Meter2Tests.xctest; sourceTree = BUILT_PRODUCTS_DIR; };
		CA2B614E9CCF9EFDCA13316B /* MeterLibrarySyncTests.swift */ = {isa = PBXFileReference; lastKnownFileType = sourcecode.swift; path = MeterLibrarySyncTests.swift; sourceTree = "<group>"; };
		CAB2E0F966E600175E0A8ED2 /* ContentView.swift */ = {isa = PBXFileReference; lastKnownFileType = sourcecode.swift; path = ContentView.swift; sourceTree = "<group>"; };
		D18736494B12C69D06989834 /* de */ = {isa = PBXFileReference; lastKnownFileType = text.plist.strings; name = de; path = de.lproj/InfoPlist.strings; sourceTree = "<group>"; };
		E09D0C610E333F7C2155BB31 /* CSVImportView.swift */ = {isa = PBXFileReference; lastKnownFileType = sourcecode.swift; path = CSVImportView.swift; sourceTree = "<group>"; };
		E302DADA8EC2CFF135D1389E /* Meter2CompanionApp.swift */ = {isa = PBXFileReference; lastKnownFileType = sourcecode.swift; path = Meter2CompanionApp.swift; sourceTree = "<group>"; };
		F2FFB343AC3D7121E95F17AA /* CompanionReadingFormView.swift */ = {isa = PBXFileReference; lastKnownFileType = sourcecode.swift; path = CompanionReadingFormView.swift; sourceTree = "<group>"; };
		F3FB2A4FE5E8C847B0CC41B9 /* Localizable.xcstrings */ = {isa = PBXFileReference; lastKnownFileType = text.json.xcstrings; path = Localizable.xcstrings; sourceTree = "<group>"; };
		F4C5B9BD7A3F69CBE2B490F1 /* DashboardView.swift */ = {isa = PBXFileReference; lastKnownFileType = sourcecode.swift; path = DashboardView.swift; sourceTree = "<group>"; };
		FE2442409C583100407BBADC /* Meter2.entitlements */ = {isa = PBXFileReference; lastKnownFileType = text.plist.entitlements; path = Meter2.entitlements; sourceTree = "<group>"; };
/* End PBXFileReference section */

/* Begin PBXGroup section */
		73F3EF7A60F91E7CAE84635B = {
			isa = PBXGroup;
			children = (
				CE9BB560E85A9A477DE89743 /* Meter2 */,
				D39D29F5902314AB96F75EF8 /* Meter2Companion */,
				799F83AC011461F4EB9DA94A /* Meter2CompanionUITests */,
				A8EFE1981F997435D16FDA19 /* Meter2Tests */,
				ABC833BCD27F6129ED8C3AB8 /* Resources */,
				F00C3622DDEB8AF0A2AEC2C2 /* Products */,
			);
			sourceTree = "<group>";
		};
		799F83AC011461F4EB9DA94A /* Meter2CompanionUITests */ = {
			isa = PBXGroup;
			children = (
				3795AAC1590C26F41F28A80D /* Meter2CompanionUITests.swift */,
			);
			path = Meter2CompanionUITests;
			sourceTree = "<group>";
		};
		A8EFE1981F997435D16FDA19 /* Meter2Tests */ = {
			isa = PBXGroup;
			children = (
				30F06F77391F41380961D4D5 /* AppUpdateTests.swift */,
				77D5A3CDEB0804D82B6BDF02 /* CSVTests.swift */,
				59AFEB605CCF6AA1F9E1469A /* Meter2AppTests.swift */,
				66830AF5466FDA28236A770D /* MeterAnalyticsTests.swift */,
				CA2B614E9CCF9EFDCA13316B /* MeterLibrarySyncTests.swift */,
				3306905D7B6A40365ADAC68F /* PDFReportTests.swift */,
				5E72F3A582F0ADB57951E7AA /* PersistenceAndLocalizationTests.swift */,
				4F70B1100FD53489F4ECD437 /* ReadingInputParserTests.swift */,
				05E04BCA2ACCA8D38A023AC5 /* ReadingSearchTests.swift */,
				01A2847307CD5AAE12AF3B77 /* ReadingValidationTests.swift */,
				031D6266CD859979004AB3AB /* TestSupport.swift */,
			);
			path = Meter2Tests;
			sourceTree = "<group>";
		};
		ABC833BCD27F6129ED8C3AB8 /* Resources */ = {
			isa = PBXGroup;
			children = (
				1CE17A2E4974202ECD2B30E4 /* Assets.xcassets */,
				F3FB2A4FE5E8C847B0CC41B9 /* Localizable.xcstrings */,
				17C65165257F626C79291C1E /* InfoPlist.strings */,
			);
			path = Resources;
			sourceTree = "<group>";
		};
		CE9BB560E85A9A477DE89743 /* Meter2 */ = {
			isa = PBXGroup;
			children = (
				5AB9BF8E998759BC0E1356E2 /* AppConfiguration.swift */,
				6B8FBB3315116D50CA670047 /* AppUpdate.swift */,
				CAB2E0F966E600175E0A8ED2 /* ContentView.swift */,
				227E2714F844FFFA77D0B370 /* CSVImport.swift */,
				E09D0C610E333F7C2155BB31 /* CSVImportView.swift */,
				F4C5B9BD7A3F69CBE2B490F1 /* DashboardView.swift */,
				7CE923D6A59376F4EF326A31 /* Formatting.swift */,
				FE2442409C583100407BBADC /* Meter2.entitlements */,
				1E059735747B5D992AFCC525 /* Meter2App.swift */,
				11C2ED64E968A93434C04B7F /* MeterDetailView.swift */,
				836A8059573BFC5319F90E67 /* MeterDomain.swift */,
				866815844CE285D2B76689ED /* MeterFormView.swift */,
				29B03A5D40D441CF97C8377A /* MeterKindStyle.swift */,
				453D43D334ABFCA3E9139962 /* MeterLibrarySync.swift */,
				3440B4CDE1E53DCEDACF693F /* PDFReport.swift */,
				1B6AC6F77BF9C81E7A5C8B28 /* ReadingFormView.swift */,
			);
			path = Meter2;
			sourceTree = "<group>";
		};
		D39D29F5902314AB96F75EF8 /* Meter2Companion */ = {
			isa = PBXGroup;
			children = (
				F2FFB343AC3D7121E95F17AA /* CompanionReadingFormView.swift */,
				249D117E0D11D5BF601D7E9E /* CompanionRootView.swift */,
				3E004868CBACC1B5416F46C6 /* Meter2Companion.entitlements */,
				E302DADA8EC2CFF135D1389E /* Meter2CompanionApp.swift */,
			);
			path = Meter2Companion;
			sourceTree = "<group>";
		};
		F00C3622DDEB8AF0A2AEC2C2 /* Products */ = {
			isa = PBXGroup;
			children = (
				2506AA075052A2C82605D4F8 /* Meter2.app */,
				A5B67136D4A882A09CF10FA7 /* Meter2Companion.app */,
				2F687A0FA681469786D52107 /* Meter2CompanionUITests.xctest */,
				C1B9B3B0C165D7DAB9D18A63 /* Meter2Tests.xctest */,
			);
			name = Products;
			sourceTree = "<group>";
		};
/* End PBXGroup section */

/* Begin PBXNativeTarget section */
		2BB33BF0F16B1BF560290321 /* Meter2Companion */ = {
			isa = PBXNativeTarget;
			buildConfigurationList = E2A8541C6CFA70623B366CA2 /* Build configuration list for PBXNativeTarget "Meter2Companion" */;
			buildPhases = (
				A472F30EDA738831D6B27953 /* Sources */,
				1CEF0B47F24B0F64CDCCC590 /* Resources */,
			);
			buildRules = (
			);
			dependencies = (
			);
			name = Meter2Companion;
			packageProductDependencies = (
			);
			productName = Meter2Companion;
			productReference = A5B67136D4A882A09CF10FA7 /* Meter2Companion.app */;
			productType = "com.apple.product-type.application";
		};
		8742D89A343685A18974D3C3 /* Meter2 */ = {
			isa = PBXNativeTarget;
			buildConfigurationList = AE839778305D2A3B78BDB181 /* Build configuration list for PBXNativeTarget "Meter2" */;
			buildPhases = (
				163B38353DEAC5C2ADAC21C1 /* Sources */,
				46078291DD8653A69FC3B26F /* Resources */,
			);
			buildRules = (
			);
			dependencies = (
			);
			name = Meter2;
			packageProductDependencies = (
			);
			productName = Meter2;
			productReference = 2506AA075052A2C82605D4F8 /* Meter2.app */;
			productType = "com.apple.product-type.application";
		};
		9DC3C1BF963E2CF3D134F75A /* Meter2CompanionUITests */ = {
			isa = PBXNativeTarget;
			buildConfigurationList = 7BC78E709A1640E73A0E565A /* Build configuration list for PBXNativeTarget "Meter2CompanionUITests" */;
			buildPhases = (
				D748ABD3B4144BDEED0BC483 /* Sources */,
			);
			buildRules = (
			);
			dependencies = (
				C80F263F4DA1FE3FA4D52A65 /* PBXTargetDependency */,
			);
			name = Meter2CompanionUITests;
			packageProductDependencies = (
			);
			productName = Meter2CompanionUITests;
			productReference = 2F687A0FA681469786D52107 /* Meter2CompanionUITests.xctest */;
			productType = "com.apple.product-type.bundle.ui-testing";
		};
		B9103EAFF6C74E92A0033B72 /* Meter2Tests */ = {
			isa = PBXNativeTarget;
			buildConfigurationList = 54F53679861AB39EE4996C9D /* Build configuration list for PBXNativeTarget "Meter2Tests" */;
			buildPhases = (
				1FF2C2865590A9DB25E6161A /* Sources */,
			);
			buildRules = (
			);
			dependencies = (
				C88E0DEAC6F7417CE3A1EFF2 /* PBXTargetDependency */,
			);
			name = Meter2Tests;
			packageProductDependencies = (
			);
			productName = Meter2Tests;
			productReference = C1B9B3B0C165D7DAB9D18A63 /* Meter2Tests.xctest */;
			productType = "com.apple.product-type.bundle.unit-test";
		};
/* End PBXNativeTarget section */

/* Begin PBXProject section */
		37C3ADE81F9C32A5E33AAC83 /* Project object */ = {
			isa = PBXProject;
			attributes = {
				BuildIndependentTargetsInParallel = YES;
				LastUpgradeCheck = 1430;
				TargetAttributes = {
					9DC3C1BF963E2CF3D134F75A = {
						TestTargetID = 2BB33BF0F16B1BF560290321;
					};
				};
			};
			buildConfigurationList = E6391A04F6643B42D40DCCF7 /* Build configuration list for PBXProject "Meter2" */;
			developmentRegion = en;
			hasScannedForEncodings = 0;
			knownRegions = (
				Base,
				de,
				en,
			);
			mainGroup = 73F3EF7A60F91E7CAE84635B;
			minimizedProjectReferenceProxies = 1;
			preferredProjectObjectVersion = 77;
			productRefGroup = F00C3622DDEB8AF0A2AEC2C2 /* Products */;
			projectDirPath = "";
			projectRoot = "";
			targets = (
				8742D89A343685A18974D3C3 /* Meter2 */,
				2BB33BF0F16B1BF560290321 /* Meter2Companion */,
				9DC3C1BF963E2CF3D134F75A /* Meter2CompanionUITests */,
				B9103EAFF6C74E92A0033B72 /* Meter2Tests */,
			);
		};
/* End PBXProject section */

/* Begin PBXResourcesBuildPhase section */
		1CEF0B47F24B0F64CDCCC590 /* Resources */ = {
			isa = PBXResourcesBuildPhase;
			buildActionMask = 2147483647;
			files = (
				F8075175FA34580974F7BA09 /* Assets.xcassets in Resources */,
				E7E26C65ADDAC9DF04B68A79 /* InfoPlist.strings in Resources */,
				3DB38CF23EFE8AB738086C53 /* Localizable.xcstrings in Resources */,
			);
			runOnlyForDeploymentPostprocessing = 0;
		};
		46078291DD8653A69FC3B26F /* Resources */ = {
			isa = PBXResourcesBuildPhase;
			buildActionMask = 2147483647;
			files = (
				C108613B775F3C6F08E3A787 /* Assets.xcassets in Resources */,
				FDB2FF846E1AF8086DAE259B /* InfoPlist.strings in Resources */,
				2F620132C88AD10E54D9763F /* Localizable.xcstrings in Resources */,
			);
			runOnlyForDeploymentPostprocessing = 0;
		};
/* End PBXResourcesBuildPhase section */

/* Begin PBXSourcesBuildPhase section */
		163B38353DEAC5C2ADAC21C1 /* Sources */ = {
			isa = PBXSourcesBuildPhase;
			buildActionMask = 2147483647;
			files = (
				CB689656EF793F8F67EC2B8C /* AppConfiguration.swift in Sources */,
				B61C70E3CB7DDF4B0D35FAB0 /* AppUpdate.swift in Sources */,
				3B1C238CEE4CE377E80EBE68 /* CSVImport.swift in Sources */,
				537B3AEBDDBF9C245BA46E14 /* CSVImportView.swift in Sources */,
				6AC095BD7782515F6FB8AC1D /* ContentView.swift in Sources */,
				62359DAD5469AFB65749A45E /* DashboardView.swift in Sources */,
				38E10768BD82CBE6C42DDB04 /* Formatting.swift in Sources */,
				09289E82B67AC5B5D06415CA /* Meter2App.swift in Sources */,
				13AF700C365CAE19B2092F98 /* MeterDetailView.swift in Sources */,
				79A95BC0A250BF870674617D /* MeterDomain.swift in Sources */,
				E7E42BFF90A7F1E45B0CA5B5 /* MeterFormView.swift in Sources */,
				78F4D9810A6E4C488F8E375A /* MeterKindStyle.swift in Sources */,
				C5D649D97316604FD266E07E /* MeterLibrarySync.swift in Sources */,
				794BA61C4CB7E9F7A6120003 /* PDFReport.swift in Sources */,
				5CE608DF84E45FB0A17BD340 /* ReadingFormView.swift in Sources */,
			);
			runOnlyForDeploymentPostprocessing = 0;
		};
		1FF2C2865590A9DB25E6161A /* Sources */ = {
			isa = PBXSourcesBuildPhase;
			buildActionMask = 2147483647;
			files = (
				1088DA03F8C1C0C8D512F84A /* AppUpdateTests.swift in Sources */,
				C2C02BAC3365ED2C5AA333F6 /* CSVTests.swift in Sources */,
				BED52EDF37E839EDBC3267D2 /* Meter2AppTests.swift in Sources */,
				D6F2448CC895BC8AC83D049E /* MeterAnalyticsTests.swift in Sources */,
				6C35799B5FD74C12A7C67857 /* MeterLibrarySyncTests.swift in Sources */,
				154ED4BDE035EB76B85D3188 /* PDFReportTests.swift in Sources */,
				41A5A1C5CCC231422209B365 /* PersistenceAndLocalizationTests.swift in Sources */,
				1F276D61D0F6948289D1D65F /* ReadingInputParserTests.swift in Sources */,
				D918A602CB14E24D59AD3992 /* ReadingSearchTests.swift in Sources */,
				B6478B7454E3DD33DE913E2E /* ReadingValidationTests.swift in Sources */,
				EEC4972CAEE8C858F7F92D4C /* TestSupport.swift in Sources */,
			);
			runOnlyForDeploymentPostprocessing = 0;
		};
		A472F30EDA738831D6B27953 /* Sources */ = {
			isa = PBXSourcesBuildPhase;
			buildActionMask = 2147483647;
			files = (
				78B5149B3E44B6CC2B253862 /* AppConfiguration.swift in Sources */,
				95DB32EFF9D85A3016F5600B /* CompanionReadingFormView.swift in Sources */,
				383183EAB907F2FD1ECFC2E1 /* CompanionRootView.swift in Sources */,
				11B0B07CA778C3B11EFC4C24 /* Formatting.swift in Sources */,
				CA67BC65CBB5A5CB156507A4 /* Meter2CompanionApp.swift in Sources */,
				E4D2A8E7D259F158BECF2602 /* MeterDomain.swift in Sources */,
				324CEA7AC00EDBF8BB506CEC /* MeterLibrarySync.swift in Sources */,
			);
			runOnlyForDeploymentPostprocessing = 0;
		};
		D748ABD3B4144BDEED0BC483 /* Sources */ = {
			isa = PBXSourcesBuildPhase;
			buildActionMask = 2147483647;
			files = (
				CEA3E7530FF7A8511652C5BD /* Meter2CompanionUITests.swift in Sources */,
			);
			runOnlyForDeploymentPostprocessing = 0;
		};
/* End PBXSourcesBuildPhase section */

/* Begin PBXTargetDependency section */
		C80F263F4DA1FE3FA4D52A65 /* PBXTargetDependency */ = {
			isa = PBXTargetDependency;
			target = 2BB33BF0F16B1BF560290321 /* Meter2Companion */;
			targetProxy = A5FD8C2ED9F81808474B530D /* PBXContainerItemProxy */;
		};
		C88E0DEAC6F7417CE3A1EFF2 /* PBXTargetDependency */ = {
			isa = PBXTargetDependency;
			target = 8742D89A343685A18974D3C3 /* Meter2 */;
			targetProxy = 1E3E95BC86385FACB6123C47 /* PBXContainerItemProxy */;
		};
/* End PBXTargetDependency section */

/* Begin PBXVariantGroup section */
		17C65165257F626C79291C1E /* InfoPlist.strings */ = {
			isa = PBXVariantGroup;
			children = (
				D18736494B12C69D06989834 /* de */,
				45FB886E3F4ACC5CD308E51C /* en */,
			);
			name = InfoPlist.strings;
			sourceTree = "<group>";
		};
/* End PBXVariantGroup section */

/* Begin XCBuildConfiguration section */
		03FCEC1512F83759776670FB /* Debug */ = {
			isa = XCBuildConfiguration;
			buildSettings = {
				BUNDLE_LOADER = "$(TEST_HOST)";
				CODE_SIGNING_ALLOWED = NO;
				CODE_SIGNING_REQUIRED = NO;
				GENERATE_INFOPLIST_FILE = YES;
				IPHONEOS_DEPLOYMENT_TARGET = 26.4;
				LD_RUNPATH_SEARCH_PATHS = (
					"$(inherited)",
					"@executable_path/Frameworks",
					"@loader_path/Frameworks",
				);
				PRODUCT_BUNDLE_IDENTIFIER = de.christiankaps.meter2.companion.uitests;
				SDKROOT = iphoneos;
				TARGETED_DEVICE_FAMILY = "1,2";
				TEST_TARGET_NAME = Meter2Companion;
			};
			name = Debug;
		};
		056C5AEF4E8F7D8704916348 /* Release */ = {
			isa = XCBuildConfiguration;
			buildSettings = {
				BUNDLE_LOADER = "$(TEST_HOST)";
				CODE_SIGNING_ALLOWED = NO;
				CODE_SIGNING_REQUIRED = NO;
				COMBINE_HIDPI_IMAGES = YES;
				GENERATE_INFOPLIST_FILE = YES;
				LD_RUNPATH_SEARCH_PATHS = (
					"$(inherited)",
					"@executable_path/../Frameworks",
					"@loader_path/../Frameworks",
				);
				MACOSX_DEPLOYMENT_TARGET = 26.4;
				PRODUCT_BUNDLE_IDENTIFIER = de.christiankaps.meter2.tests;
				SDKROOT = macosx;
				TEST_HOST = "$(BUILT_PRODUCTS_DIR)/Meter2.app/Contents/MacOS/Meter2";
			};
			name = Release;
		};
		07948E3D20BEDC91ACE42B24 /* Release */ = {
			isa = XCBuildConfiguration;
			buildSettings = {
				ASSETCATALOG_COMPILER_APPICON_NAME = CompanionAppIcon;
				CODE_SIGNING_ALLOWED = NO;
				CODE_SIGNING_REQUIRED = NO;
				CODE_SIGN_ENTITLEMENTS = Meter2Companion/Meter2Companion.entitlements;
				CODE_SIGN_IDENTITY = "iPhone Developer";
				GENERATE_INFOPLIST_FILE = YES;
				INFOPLIST_KEY_CFBundleDisplayName = Meter2;
				INFOPLIST_KEY_CKSharingSupported = YES;
				INFOPLIST_KEY_LSApplicationCategoryType = "public.app-category.utilities";
				IPHONEOS_DEPLOYMENT_TARGET = 26.4;
				LD_RUNPATH_SEARCH_PATHS = (
					"$(inherited)",
					"@executable_path/Frameworks",
				);
				PRODUCT_BUNDLE_IDENTIFIER = de.christiankaps.meter2.companion;
				SDKROOT = iphoneos;
				TARGETED_DEVICE_FAMILY = "1,2";
			};
			name = Release;
		};
		1FD2794FF968DC9FEE9989CB /* Debug */ = {
			isa = XCBuildConfiguration;
			buildSettings = {
				ASSETCATALOG_COMPILER_APPICON_NAME = AppIconVariants;
				CODE_SIGNING_ALLOWED = NO;
				CODE_SIGNING_REQUIRED = NO;
				CODE_SIGN_ENTITLEMENTS = Meter2/Meter2.entitlements;
				COMBINE_HIDPI_IMAGES = YES;
				GENERATE_INFOPLIST_FILE = YES;
				INFOPLIST_KEY_CFBundleDisplayName = Meter2;
				INFOPLIST_KEY_CKSharingSupported = YES;
				INFOPLIST_KEY_LSApplicationCategoryType = "public.app-category.lifestyle";
				LD_RUNPATH_SEARCH_PATHS = (
					"$(inherited)",
					"@executable_path/../Frameworks",
				);
				MACOSX_DEPLOYMENT_TARGET = 26.4;
				PRODUCT_BUNDLE_IDENTIFIER = de.christiankaps.meter2;
				SDKROOT = macosx;
			};
			name = Debug;
		};
		3D1B5DAD27C81E5B67C90B3D /* Debug */ = {
			isa = XCBuildConfiguration;
			buildSettings = {
				BUNDLE_LOADER = "$(TEST_HOST)";
				CODE_SIGNING_ALLOWED = NO;
				CODE_SIGNING_REQUIRED = NO;
				COMBINE_HIDPI_IMAGES = YES;
				GENERATE_INFOPLIST_FILE = YES;
				LD_RUNPATH_SEARCH_PATHS = (
					"$(inherited)",
					"@executable_path/../Frameworks",
					"@loader_path/../Frameworks",
				);
				MACOSX_DEPLOYMENT_TARGET = 26.4;
				PRODUCT_BUNDLE_IDENTIFIER = de.christiankaps.meter2.tests;
				SDKROOT = macosx;
				TEST_HOST = "$(BUILT_PRODUCTS_DIR)/Meter2.app/Contents/MacOS/Meter2";
			};
			name = Debug;
		};
		672F02312AD3079934E352EE /* Release */ = {
			isa = XCBuildConfiguration;
			buildSettings = {
				ASSETCATALOG_COMPILER_APPICON_NAME = AppIconVariants;
				CODE_SIGNING_ALLOWED = NO;
				CODE_SIGNING_REQUIRED = NO;
				CODE_SIGN_ENTITLEMENTS = Meter2/Meter2.entitlements;
				COMBINE_HIDPI_IMAGES = YES;
				GENERATE_INFOPLIST_FILE = YES;
				INFOPLIST_KEY_CFBundleDisplayName = Meter2;
				INFOPLIST_KEY_CKSharingSupported = YES;
				INFOPLIST_KEY_LSApplicationCategoryType = "public.app-category.lifestyle";
				LD_RUNPATH_SEARCH_PATHS = (
					"$(inherited)",
					"@executable_path/../Frameworks",
				);
				MACOSX_DEPLOYMENT_TARGET = 26.4;
				PRODUCT_BUNDLE_IDENTIFIER = de.christiankaps.meter2;
				SDKROOT = macosx;
			};
			name = Release;
		};
		6DAEBE0819CA9B9F1A1A90C7 /* Debug */ = {
			isa = XCBuildConfiguration;
			buildSettings = {
				ASSETCATALOG_COMPILER_APPICON_NAME = CompanionAppIcon;
				CODE_SIGNING_ALLOWED = NO;
				CODE_SIGNING_REQUIRED = NO;
				CODE_SIGN_ENTITLEMENTS = Meter2Companion/Meter2Companion.entitlements;
				CODE_SIGN_IDENTITY = "iPhone Developer";
				GENERATE_INFOPLIST_FILE = YES;
				INFOPLIST_KEY_CFBundleDisplayName = Meter2;
				INFOPLIST_KEY_CKSharingSupported = YES;
				INFOPLIST_KEY_LSApplicationCategoryType = "public.app-category.utilities";
				IPHONEOS_DEPLOYMENT_TARGET = 26.4;
				LD_RUNPATH_SEARCH_PATHS = (
					"$(inherited)",
					"@executable_path/Frameworks",
				);
				PRODUCT_BUNDLE_IDENTIFIER = de.christiankaps.meter2.companion;
				SDKROOT = iphoneos;
				TARGETED_DEVICE_FAMILY = "1,2";
			};
			name = Debug;
		};
		784756C9D2FBF63044A54FC1 /* Debug */ = {
			isa = XCBuildConfiguration;
			buildSettings = {
				ALWAYS_SEARCH_USER_PATHS = NO;
				CLANG_ANALYZER_NONNULL = YES;
				CLANG_ANALYZER_NUMBER_OBJECT_CONVERSION = YES_AGGRESSIVE;
				CLANG_CXX_LANGUAGE_STANDARD = "gnu++14";
				CLANG_CXX_LIBRARY = "libc++";
				CLANG_ENABLE_MODULES = YES;
				CLANG_ENABLE_OBJC_ARC = YES;
				CLANG_ENABLE_OBJC_WEAK = YES;
				CLANG_WARN_BLOCK_CAPTURE_AUTORELEASING = YES;
				CLANG_WARN_BOOL_CONVERSION = YES;
				CLANG_WARN_COMMA = YES;
				CLANG_WARN_CONSTANT_CONVERSION = YES;
				CLANG_WARN_DEPRECATED_OBJC_IMPLEMENTATIONS = YES;
				CLANG_WARN_DIRECT_OBJC_ISA_USAGE = YES_ERROR;
				CLANG_WARN_DOCUMENTATION_COMMENTS = YES;
				CLANG_WARN_EMPTY_BODY = YES;
				CLANG_WARN_ENUM_CONVERSION = YES;
				CLANG_WARN_INFINITE_RECURSION = YES;
				CLANG_WARN_INT_CONVERSION = YES;
				CLANG_WARN_NON_LITERAL_NULL_CONVERSION = YES;
				CLANG_WARN_OBJC_IMPLICIT_RETAIN_SELF = YES;
				CLANG_WARN_OBJC_LITERAL_CONVERSION = YES;
				CLANG_WARN_OBJC_ROOT_CLASS = YES_ERROR;
				CLANG_WARN_QUOTED_INCLUDE_IN_FRAMEWORK_HEADER = YES;
				CLANG_WARN_RANGE_LOOP_ANALYSIS = YES;
				CLANG_WARN_STRICT_PROTOTYPES = YES;
				CLANG_WARN_SUSPICIOUS_MOVE = YES;
				CLANG_WARN_UNGUARDED_AVAILABILITY = YES_AGGRESSIVE;
				CLANG_WARN_UNREACHABLE_CODE = YES;
				CLANG_WARN__DUPLICATE_METHOD_MATCH = YES;
				COPY_PHASE_STRIP = NO;
				CURRENT_PROJECT_VERSION = 1;
				DEBUG_INFORMATION_FORMAT = dwarf;
				ENABLE_SECURITY_COMPILER_WARNINGS = YES;
				ENABLE_STRICT_OBJC_MSGSEND = YES;
				ENABLE_TESTABILITY = YES;
				GCC_C_LANGUAGE_STANDARD = gnu11;
				GCC_DYNAMIC_NO_PIC = NO;
				GCC_NO_COMMON_BLOCKS = YES;
				GCC_OPTIMIZATION_LEVEL = 0;
				GCC_PREPROCESSOR_DEFINITIONS = (
					"$(inherited)",
					"DEBUG=1",
				);
				GCC_WARN_64_TO_32_BIT_CONVERSION = YES;
				GCC_WARN_ABOUT_RETURN_TYPE = YES_ERROR;
				GCC_WARN_UNDECLARED_SELECTOR = YES;
				GCC_WARN_UNINITIALIZED_AUTOS = YES_AGGRESSIVE;
				GCC_WARN_UNUSED_FUNCTION = YES;
				GCC_WARN_UNUSED_VARIABLE = YES;
				MARKETING_VERSION = 2026.2.2;
				MTL_ENABLE_DEBUG_INFO = INCLUDE_SOURCE;
				MTL_FAST_MATH = YES;
				ONLY_ACTIVE_ARCH = YES;
				PRODUCT_NAME = "$(TARGET_NAME)";
				SWIFT_ACTIVE_COMPILATION_CONDITIONS = DEBUG;
				SWIFT_OPTIMIZATION_LEVEL = "-Onone";
				SWIFT_VERSION = 5.0;
			};
			name = Debug;
		};
		91AD3583DA7321FFE1D45A9C /* Release */ = {
			isa = XCBuildConfiguration;
			buildSettings = {
				BUNDLE_LOADER = "$(TEST_HOST)";
				CODE_SIGNING_ALLOWED = NO;
				CODE_SIGNING_REQUIRED = NO;
				GENERATE_INFOPLIST_FILE = YES;
				IPHONEOS_DEPLOYMENT_TARGET = 26.4;
				LD_RUNPATH_SEARCH_PATHS = (
					"$(inherited)",
					"@executable_path/Frameworks",
					"@loader_path/Frameworks",
				);
				PRODUCT_BUNDLE_IDENTIFIER = de.christiankaps.meter2.companion.uitests;
				SDKROOT = iphoneos;
				TARGETED_DEVICE_FAMILY = "1,2";
				TEST_TARGET_NAME = Meter2Companion;
			};
			name = Release;
		};
		A41B3A5DFDBAFC5E9F7DEB99 /* Release */ = {
			isa = XCBuildConfiguration;
			buildSettings = {
				ALWAYS_SEARCH_USER_PATHS = NO;
				CLANG_ANALYZER_NONNULL = YES;
				CLANG_ANALYZER_NUMBER_OBJECT_CONVERSION = YES_AGGRESSIVE;
				CLANG_CXX_LANGUAGE_STANDARD = "gnu++14";
				CLANG_CXX_LIBRARY = "libc++";
				CLANG_ENABLE_MODULES = YES;
				CLANG_ENABLE_OBJC_ARC = YES;
				CLANG_ENABLE_OBJC_WEAK = YES;
				CLANG_WARN_BLOCK_CAPTURE_AUTORELEASING = YES;
				CLANG_WARN_BOOL_CONVERSION = YES;
				CLANG_WARN_COMMA = YES;
				CLANG_WARN_CONSTANT_CONVERSION = YES;
				CLANG_WARN_DEPRECATED_OBJC_IMPLEMENTATIONS = YES;
				CLANG_WARN_DIRECT_OBJC_ISA_USAGE = YES_ERROR;
				CLANG_WARN_DOCUMENTATION_COMMENTS = YES;
				CLANG_WARN_EMPTY_BODY = YES;
				CLANG_WARN_ENUM_CONVERSION = YES;
				CLANG_WARN_INFINITE_RECURSION = YES;
				CLANG_WARN_INT_CONVERSION = YES;
				CLANG_WARN_NON_LITERAL_NULL_CONVERSION = YES;
				CLANG_WARN_OBJC_IMPLICIT_RETAIN_SELF = YES;
				CLANG_WARN_OBJC_LITERAL_CONVERSION = YES;
				CLANG_WARN_OBJC_ROOT_CLASS = YES_ERROR;
				CLANG_WARN_QUOTED_INCLUDE_IN_FRAMEWORK_HEADER = YES;
				CLANG_WARN_RANGE_LOOP_ANALYSIS = YES;
				CLANG_WARN_STRICT_PROTOTYPES = YES;
				CLANG_WARN_SUSPICIOUS_MOVE = YES;
				CLANG_WARN_UNGUARDED_AVAILABILITY = YES_AGGRESSIVE;
				CLANG_WARN_UNREACHABLE_CODE = YES;
				CLANG_WARN__DUPLICATE_METHOD_MATCH = YES;
				COPY_PHASE_STRIP = NO;
				CURRENT_PROJECT_VERSION = 1;
				DEBUG_INFORMATION_FORMAT = "dwarf-with-dsym";
				ENABLE_NS_ASSERTIONS = NO;
				ENABLE_SECURITY_COMPILER_WARNINGS = YES;
				ENABLE_STRICT_OBJC_MSGSEND = YES;
				GCC_C_LANGUAGE_STANDARD = gnu11;
				GCC_NO_COMMON_BLOCKS = YES;
				GCC_WARN_64_TO_32_BIT_CONVERSION = YES;
				GCC_WARN_ABOUT_RETURN_TYPE = YES_ERROR;
				GCC_WARN_UNDECLARED_SELECTOR = YES;
				GCC_WARN_UNINITIALIZED_AUTOS = YES_AGGRESSIVE;
				GCC_WARN_UNUSED_FUNCTION = YES;
				GCC_WARN_UNUSED_VARIABLE = YES;
				MARKETING_VERSION = 2026.2.2;
				MTL_ENABLE_DEBUG_INFO = NO;
				MTL_FAST_MATH = YES;
				PRODUCT_NAME = "$(TARGET_NAME)";
				SWIFT_COMPILATION_MODE = wholemodule;
				SWIFT_OPTIMIZATION_LEVEL = "-O";
				SWIFT_VERSION = 5.0;
			};
			name = Release;
		};
/* End XCBuildConfiguration section */

/* Begin XCConfigurationList section */
		54F53679861AB39EE4996C9D /* Build configuration list for PBXNativeTarget "Meter2Tests" */ = {
			isa = XCConfigurationList;
			buildConfigurations = (
				3D1B5DAD27C81E5B67C90B3D /* Debug */,
				056C5AEF4E8F7D8704916348 /* Release */,
			);
			defaultConfigurationIsVisible = 0;
			defaultConfigurationName = Debug;
		};
		7BC78E709A1640E73A0E565A /* Build configuration list for PBXNativeTarget "Meter2CompanionUITests" */ = {
			isa = XCConfigurationList;
			buildConfigurations = (
				03FCEC1512F83759776670FB /* Debug */,
				91AD3583DA7321FFE1D45A9C /* Release */,
			);
			defaultConfigurationIsVisible = 0;
			defaultConfigurationName = Debug;
		};
		AE839778305D2A3B78BDB181 /* Build configuration list for PBXNativeTarget "Meter2" */ = {
			isa = XCConfigurationList;
			buildConfigurations = (
				1FD2794FF968DC9FEE9989CB /* Debug */,
				672F02312AD3079934E352EE /* Release */,
			);
			defaultConfigurationIsVisible = 0;
			defaultConfigurationName = Debug;
		};
		E2A8541C6CFA70623B366CA2 /* Build configuration list for PBXNativeTarget "Meter2Companion" */ = {
			isa = XCConfigurationList;
			buildConfigurations = (
				6DAEBE0819CA9B9F1A1A90C7 /* Debug */,
				07948E3D20BEDC91ACE42B24 /* Release */,
			);
			defaultConfigurationIsVisible = 0;
			defaultConfigurationName = Debug;
		};
		E6391A04F6643B42D40DCCF7 /* Build configuration list for PBXProject "Meter2" */ = {
			isa = XCConfigurationList;
			buildConfigurations = (
				784756C9D2FBF63044A54FC1 /* Debug */,
				A41B3A5DFDBAFC5E9F7DEB99 /* Release */,
			);
			defaultConfigurationIsVisible = 0;
			defaultConfigurationName = Debug;
		};
/* End XCConfigurationList section */
	};
	rootObject = 37C3ADE81F9C32A5E33AAC83 /* Project object */;
}
